
Microsoft Visual Studio Solution File, Format Version 12.00
# Visual Studio Version 16
VisualStudioVersion = 16.0.31205.134
MinimumVisualStudioVersion = 10.0.40219.1
Project("{FAE04EC0-301F-11D3-BF4B-00C04F79EFBC}") = "ExperimentWithControls", "ExperimentWithControls.csproj", "{095EA325-9630-49C3-B987-B673451772C6}"
EndProject
Global
	GlobalSection(SolutionConfigurationPlatforms) = preSolution
		Debug|Any CPU = Debug|Any CPU
		Release|Any CPU = Release|Any CPU
	EndGlobalSection
	GlobalSection(ProjectConfigurationPlatforms) = postSolution
		{095EA325-9630-49C3-B987-B673451772C6}.Debug|Any CPU.ActiveCfg = Debug|Any CPU
		{095EA325-9630-49C3-B987-B673451772C6}.Debug|Any CPU.Build.0 = Debug|Any CPU
		{095EA325-9630-49C3-B987-B673451772C6}.Release|Any CPU.ActiveCfg = Release|Any CPU
		{095EA325-9630-49C3-B987-B673451772C6}.Release|Any CPU.Build.0 = Release|Any CPU
	EndGlobalSection
	GlobalSection(SolutionProperties) = preSolution
		HideSolutionNode = FALSE
	EndGlobalSection
	GlobalSection(ExtensibilityGlobals) = postSolution
		SolutionGuid = {EE2E0E2C-6F73-4216-B85B-F60EC637B622}
	EndGlobalSection
EndGlobal
